
Microsoft Visual Studio Solution File, Format Version 12.00
# Visual Studio 15
VisualStudioVersion = 15.0.28307.852
MinimumVisualStudioVersion = 10.0.40219.1
Project("{FAE04EC0-301F-11D3-BF4B-00C04F79EFBC}") = "App.Android", "App\App.Android\App.Android.csproj", "{72B2E045-C6D4-4F26-AA6C-43D6BC2521F1}"
EndProject
Project("{FAE04EC0-301F-11D3-BF4B-00C04F79EFBC}") = "App.iOS", "App\App.iOS\App.iOS.csproj", "{1971AC77-265A-4030-A41A-74B464F178FA}"
EndProject
Project("{FAE04EC0-301F-11D3-BF4B-00C04F79EFBC}") = "App", "App\App\App.csproj", "{63AEF224-36D3-4836-81F6-74B1F3C39530}"
EndProject
Global
	GlobalSection(SolutionConfigurationPlatforms) = preSolution
		Ad-Hoc|Any CPU = Ad-Hoc|Any CPU
		Ad-Hoc|iPhone = Ad-Hoc|iPhone
		Ad-Hoc|iPhoneSimulator = Ad-Hoc|iPhoneSimulator
		AppStore|Any CPU = AppStore|Any CPU
		AppStore|iPhone = AppStore|iPhone
		AppStore|iPhoneSimulator = AppStore|iPhoneSimulator
		Debug|Any CPU = Debug|Any CPU
		Debug|iPhone = Debug|iPhone
		Debug|iPhoneSimulator = Debug|iPhoneSimulator
		Release|Any CPU = Release|Any CPU
		Release|iPhone = Release|iPhone
		Release|iPhoneSimulator = Release|iPhoneSimulator
	EndGlobalSection
	GlobalSection(ProjectConfigurationPlatforms) = postSolution
		{72B2E045-C6D4-4F26-AA6C-43D6BC2521F1}.Ad-Hoc|Any CPU.ActiveCfg = Release|Any CPU
		{72B2E045-C6D4-4F26-AA6C-43D6BC2521F1}.Ad-Hoc|Any CPU.Build.0 = Release|Any CPU
		{72B2E045-C6D4-4F26-AA6C-43D6BC2521F1}.Ad-Hoc|Any CPU.Deploy.0 = Release|Any CPU
		{72B2E045-C6D4-4F26-AA6C-43D6BC2521F1}.Ad-Hoc|iPhone.ActiveCfg = Release|Any CPU
		{72B2E045-C6D4-4F26-AA6C-43D6BC2521F1}.Ad-Hoc|iPhone.Build.0 = Release|Any CPU
		{72B2E045-C6D4-4F26-AA6C-43D6BC2521F1}.Ad-Hoc|iPhone.Deploy.0 = Release|Any CPU
		{72B2E045-C6D4-4F26-AA6C-43D6BC2521F1}.Ad-Hoc|iPhoneSimulator.ActiveCfg = Release|Any CPU
		{72B2E045-C6D4-4F26-AA6C-43D6BC2521F1}.Ad-Hoc|iPhoneSimulator.Build.0 = Release|Any CPU
		{72B2E045-C6D4-4F26-AA6C-43D6BC2521F1}.Ad-Hoc|iPhoneSimulator.Deploy.0 = Release|Any CPU
		{72B2E045-C6D4-4F26-AA6C-43D6BC2521F1}.AppStore|Any CPU.ActiveCfg = Release|Any CPU
		{72B2E045-C6D4-4F26-AA6C-43D6BC2521F1}.AppStore|Any CPU.Build.0 = Release|Any CPU
		{72B2E045-C6D4-4F26-AA6C-43D6BC2521F1}.AppStore|Any CPU.Deploy.0 = Release|Any CPU
		{72B2E045-C6D4-4F26-AA6C-43D6BC2521F1}.AppStore|iPhone.ActiveCfg = Release|Any CPU
		{72B2E045-C6D4-4F26-AA6C-43D6BC2521F1}.AppStore|iPhone.Build.0 = Release|Any CPU
		{72B2E045-C6D4-4F26-AA6C-43D6BC2521F1}.AppStore|iPhone.Deploy.0 = Release|Any CPU
		{72B2E045-C6D4-4F26-AA6C-43D6BC2521F1}.AppStore|iPhoneSimulator.ActiveCfg = Release|Any CPU
		{72B2E045-C6D4-4F26-AA6C-43D6BC2521F1}.AppStore|iPhoneSimulator.Build.0 = Release|Any CPU
		{72B2E045-C6D4-4F26-AA6C-43D6BC2521F1}.AppStore|iPhoneSimulator.Deploy.0 = Release|Any CPU
		{72B2E045-C6D4-4F26-AA6C-43D6BC2521F1}.Debug|Any CPU.ActiveCfg = Debug|Any CPU
		{72B2E045-C6D4-4F26-AA6C-43D6BC2521F1}.Debug|Any CPU.Build.0 = Debug|Any CPU
		{72B2E045-C6D4-4F26-AA6C-43D6BC2521F1}.Debug|Any CPU.Deploy.0 = Debug|Any CPU
		{72B2E045-C6D4-4F26-AA6C-43D6BC2521F1}.Debug|iPhone.ActiveCfg = Debug|Any CPU
		{72B2E045-C6D4-4F26-AA6C-43D6BC2521F1}.Debug|iPhone.Build.0 = Debug|Any CPU
		{72B2E045-C6D4-4F26-AA6C-43D6BC2521F1}.Debug|iPhone.Deploy.0 = Debug|Any CPU
		{72B2E045-C6D4-4F26-AA6C-43D6BC2521F1}.Debug|iPhoneSimulator.ActiveCfg = Debug|Any CPU
		{72B2E045-C6D4-4F26-AA6C-43D6BC2521F1}.Debug|iPhoneSimulator.Build.0 = Debug|Any CPU
		{72B2E045-C6D4-4F26-AA6C-43D6BC2521F1}.Debug|iPhoneSimulator.Deploy.0 = Debug|Any CPU
		{72B2E045-C6D4-4F26-AA6C-43D6BC2521F1}.Release|Any CPU.ActiveCfg = Release|Any CPU
		{72B2E045-C6D4-4F26-AA6C-43D6BC2521F1}.Release|Any CPU.Build.0 = Release|Any CPU
		{72B2E045-C6D4-4F26-AA6C-43D6BC2521F1}.Release|Any CPU.Deploy.0 = Release|Any CPU
		{72B2E045-C6D4-4F26-AA6C-43D6BC2521F1}.Release|iPhone.ActiveCfg = Release|Any CPU
		{72B2E045-C6D4-4F26-AA6C-43D6BC2521F1}.Release|iPhone.Build.0 = Release|Any CPU
		{72B2E045-C6D4-4F26-AA6C-43D6BC2521F1}.Release|iPhone.Deploy.0 = Release|Any CPU
		{72B2E045-C6D4-4F26-AA6C-43D6BC2521F1}.Release|iPhoneSimulator.ActiveCfg = Release|Any CPU
		{72B2E045-C6D4-4F26-AA6C-43D6BC2521F1}.Release|iPhoneSimulator.Build.0 = Release|Any CPU
		{72B2E045-C6D4-4F26-AA6C-43D6BC2521F1}.Release|iPhoneSimulator.Deploy.0 = Release|Any CPU
		{1971AC77-265A-4030-A41A-74B464F178FA}.Ad-Hoc|Any CPU.ActiveCfg = Ad-Hoc|iPhone
		{1971AC77-265A-4030-A41A-74B464F178FA}.Ad-Hoc|Any CPU.Build.0 = Ad-Hoc|iPhone
		{1971AC77-265A-4030-A41A-74B464F178FA}.Ad-Hoc|Any CPU.Deploy.0 = Ad-Hoc|iPhone
		{1971AC77-265A-4030-A41A-74B464F178FA}.Ad-Hoc|iPhone.ActiveCfg = Ad-Hoc|iPhone
		{1971AC77-265A-4030-A41A-74B464F178FA}.Ad-Hoc|iPhone.Build.0 = Ad-Hoc|iPhone
		{1971AC77-265A-4030-A41A-74B464F178FA}.Ad-Hoc|iPhone.Deploy.0 = Ad-Hoc|iPhone
		{1971AC77-265A-4030-A41A-74B464F178FA}.Ad-Hoc|iPhoneSimulator.ActiveCfg = Ad-Hoc|iPhoneSimulator
		{1971AC77-265A-4030-A41A-74B464F178FA}.Ad-Hoc|iPhoneSimulator.Build.0 = Ad-Hoc|iPhoneSimulator
		{1971AC77-265A-4030-A41A-74B464F178FA}.Ad-Hoc|iPhoneSimulator.Deploy.0 = Ad-Hoc|iPhoneSimulator
		{1971AC77-265A-4030-A41A-74B464F178FA}.AppStore|Any CPU.ActiveCfg = AppStore|iPhone
		{1971AC77-265A-4030-A41A-74B464F178FA}.AppStore|Any CPU.Build.0 = AppStore|iPhone
		{1971AC77-265A-4030-A41A-74B464F178FA}.AppStore|Any CPU.Deploy.0 = AppStore|iPhone
		{1971AC77-265A-4030-A41A-74B464F178FA}.AppStore|iPhone.ActiveCfg = AppStore|iPhone
		{1971AC77-265A-4030-A41A-74B464F178FA}.AppStore|iPhone.Build.0 = AppStore|iPhone
		{1971AC77-265A-4030-A41A-74B464F178FA}.AppStore|iPhone.Deploy.0 = AppStore|iPhone
		{1971AC77-265A-4030-A41A-74B464F178FA}.AppStore|iPhoneSimulator.ActiveCfg = AppStore|iPhoneSimulator
		{1971AC77-265A-4030-A41A-74B464F178FA}.AppStore|iPhoneSimulator.Build.0 = AppStore|iPhoneSimulator
		{1971AC77-265A-4030-A41A-74B464F178FA}.AppStore|iPhoneSimulator.Deploy.0 = AppStore|iPhoneSimulator
		{1971AC77-265A-4030-A41A-74B464F178FA}.Debug|Any CPU.ActiveCfg = Debug|iPhoneSimulator
		{1971AC77-265A-4030-A41A-74B464F178FA}.Debug|Any CPU.Build.0 = Debug|iPhoneSimulator
		{1971AC77-265A-4030-A41A-74B464F178FA}.Debug|Any CPU.Deploy.0 = Debug|iPhoneSimulator
		{1971AC77-265A-4030-A41A-74B464F178FA}.Debug|iPhone.ActiveCfg = Debug|iPhone
		{1971AC77-265A-4030-A41A-74B464F178FA}.Debug|iPhone.Build.0 = Debug|iPhone
		{1971AC77-265A-4030-A41A-74B464F178FA}.Debug|iPhone.Deploy.0 = Debug|iPhone
		{1971AC77-265A-4030-A41A-74B464F178FA}.Debug|iPhoneSimulator.ActiveCfg = Debug|iPhoneSimulator
		{1971AC77-265A-4030-A41A-74B464F178FA}.Debug|iPhoneSimulator.Build.0 = Debug|iPhoneSimulator
		{1971AC77-265A-4030-A41A-74B464F178FA}.Debug|iPhoneSimulator.Deploy.0 = Debug|iPhoneSimulator
		{1971AC77-265A-4030-A41A-74B464F178FA}.Release|Any CPU.ActiveCfg = Release|iPhone
		{1971AC77-265A-4030-A41A-74B464F178FA}.Release|Any CPU.Build.0 = Release|iPhone
		{1971AC77-265A-4030-A41A-74B464F178FA}.Release|Any CPU.Deploy.0 = Release|iPhone
		{1971AC77-265A-4030-A41A-74B464F178FA}.Release|iPhone.ActiveCfg = Release|iPhone
		{1971AC77-265A-4030-A41A-74B464F178FA}.Release|iPhone.Build.0 = Release|iPhone
		{1971AC77-265A-4030-A41A-74B464F178FA}.Release|iPhone.Deploy.0 = Release|iPhone
		{1971AC77-265A-4030-A41A-74B464F178FA}.Release|iPhoneSimulator.ActiveCfg = Release|iPhoneSimulator
		{1971AC77-265A-4030-A41A-74B464F178FA}.Release|iPhoneSimulator.Build.0 = Release|iPhoneSimulator
		{1971AC77-265A-4030-A41A-74B464F178FA}.Release|iPhoneSimulator.Deploy.0 = Release|iPhoneSimulator
		{63AEF224-36D3-4836-81F6-74B1F3C39530}.Ad-Hoc|Any CPU.ActiveCfg = Debug|Any CPU
		{63AEF224-36D3-4836-81F6-74B1F3C39530}.Ad-Hoc|Any CPU.Build.0 = Debug|Any CPU
		{63AEF224-36D3-4836-81F6-74B1F3C39530}.Ad-Hoc|Any CPU.Deploy.0 = Debug|Any CPU
		{63AEF224-36D3-4836-81F6-74B1F3C39530}.Ad-Hoc|iPhone.ActiveCfg = Debug|Any CPU
		{63AEF224-36D3-4836-81F6-74B1F3C39530}.Ad-Hoc|iPhone.Build.0 = Debug|Any CPU
		{63AEF224-36D3-4836-81F6-74B1F3C39530}.Ad-Hoc|iPhone.Deploy.0 = Debug|Any CPU
		{63AEF224-36D3-4836-81F6-74B1F3C39530}.Ad-Hoc|iPhoneSimulator.ActiveCfg = Debug|Any CPU
		{63AEF224-36D3-4836-81F6-74B1F3C39530}.Ad-Hoc|iPhoneSimulator.Build.0 = Debug|Any CPU
		{63AEF224-36D3-4836-81F6-74B1F3C39530}.Ad-Hoc|iPhoneSimulator.Deploy.0 = Debug|Any CPU
		{63AEF224-36D3-4836-81F6-74B1F3C39530}.AppStore|Any CPU.ActiveCfg = Debug|Any CPU
		{63AEF224-36D3-4836-81F6-74B1F3C39530}.AppStore|Any CPU.Build.0 = Debug|Any CPU
		{63AEF224-36D3-4836-81F6-74B1F3C39530}.AppStore|Any CPU.Deploy.0 = Debug|Any CPU
		{63AEF224-36D3-4836-81F6-74B1F3C39530}.AppStore|iPhone.ActiveCfg = Debug|Any CPU
		{63AEF224-36D3-4836-81F6-74B1F3C39530}.AppStore|iPhone.Build.0 = Debug|Any CPU
		{63AEF224-36D3-4836-81F6-74B1F3C39530}.AppStore|iPhone.Deploy.0 = Debug|Any CPU
		{63AEF224-36D3-4836-81F6-74B1F3C39530}.AppStore|iPhoneSimulator.ActiveCfg = Debug|Any CPU
		{63AEF224-36D3-4836-81F6-74B1F3C39530}.AppStore|iPhoneSimulator.Build.0 = Debug|Any CPU
		{63AEF224-36D3-4836-81F6-74B1F3C39530}.AppStore|iPhoneSimulator.Deploy.0 = Debug|Any CPU
		{63AEF224-36D3-4836-81F6-74B1F3C39530}.Debug|Any CPU.ActiveCfg = Debug|Any CPU
		{63AEF224-36D3-4836-81F6-74B1F3C39530}.Debug|Any CPU.Build.0 = Debug|Any CPU
		{63AEF224-36D3-4836-81F6-74B1F3C39530}.Debug|Any CPU.Deploy.0 = Debug|Any CPU
		{63AEF224-36D3-4836-81F6-74B1F3C39530}.Debug|iPhone.ActiveCfg = Debug|Any CPU
		{63AEF224-36D3-4836-81F6-74B1F3C39530}.Debug|iPhone.Build.0 = Debug|Any CPU
		{63AEF224-36D3-4836-81F6-74B1F3C39530}.Debug|iPhone.Deploy.0 = Debug|Any CPU
		{63AEF224-36D3-4836-81F6-74B1F3C39530}.Debug|iPhoneSimulator.ActiveCfg = Debug|Any CPU
		{63AEF224-36D3-4836-81F6-74B1F3C39530}.Debug|iPhoneSimulator.Build.0 = Debug|Any CPU
		{63AEF224-36D3-4836-81F6-74B1F3C39530}.Debug|iPhoneSimulator.Deploy.0 = Debug|Any CPU
		{63AEF224-36D3-4836-81F6-74B1F3C39530}.Release|Any CPU.ActiveCfg = Release|Any CPU
		{63AEF224-36D3-4836-81F6-74B1F3C39530}.Release|Any CPU.Build.0 = Release|Any CPU
		{63AEF224-36D3-4836-81F6-74B1F3C39530}.Release|Any CPU.Deploy.0 = Release|Any CPU
		{63AEF224-36D3-4836-81F6-74B1F3C39530}.Release|iPhone.ActiveCfg = Release|Any CPU
		{63AEF224-36D3-4836-81F6-74B1F3C39530}.Release|iPhone.Build.0 = Release|Any CPU
		{63AEF224-36D3-4836-81F6-74B1F3C39530}.Release|iPhone.Deploy.0 = Release|Any CPU
		{63AEF224-36D3-4836-81F6-74B1F3C39530}.Release|iPhoneSimulator.ActiveCfg = Release|Any CPU
		{63AEF224-36D3-4836-81F6-74B1F3C39530}.Release|iPhoneSimulator.Build.0 = Release|Any CPU
		{63AEF224-36D3-4836-81F6-74B1F3C39530}.Release|iPhoneSimulator.Deploy.0 = Release|Any CPU
	EndGlobalSection
	GlobalSection(SolutionProperties) = preSolution
		HideSolutionNode = FALSE
	EndGlobalSection
	GlobalSection(ExtensibilityGlobals) = postSolution
		SolutionGuid = {974541C9-80A1-432C-A035-E2A4F9286C4C}
	EndGlobalSection
EndGlobal
