
Microsoft Visual Studio Solution File, Format Version 12.00
# Visual Studio 15
VisualStudioVersion = 15.0.28307.852
MinimumVisualStudioVersion = 10.0.40219.1
Project("{FAE04EC0-301F-11D3-BF4B-00C04F79EFBC}") = "App.Android", "App\App.Android\App.Android.csproj", "{22F972B5-FB9D-4D12-9711-1B26EDE4857B}"
EndProject
Project("{FAE04EC0-301F-11D3-BF4B-00C04F79EFBC}") = "App.iOS", "App\App.iOS\App.iOS.csproj", "{89A9A0CF-5E43-4A2B-99D4-A33121E2F342}"
EndProject
Project("{9A19103F-16F7-4668-BE54-9A1E7A4F7556}") = "App", "App\App\App.csproj", "{C75ACA94-19EF-48E2-BFE8-B95779BC8C1E}"
EndProject
Global
	GlobalSection(SolutionConfigurationPlatforms) = preSolution
		Ad-Hoc|Any CPU = Ad-Hoc|Any CPU
		Ad-Hoc|iPhone = Ad-Hoc|iPhone
		Ad-Hoc|iPhoneSimulator = Ad-Hoc|iPhoneSimulator
		AppStore|Any CPU = AppStore|Any CPU
		AppStore|iPhone = AppStore|iPhone
		AppStore|iPhoneSimulator = AppStore|iPhoneSimulator
		Debug|Any CPU = Debug|Any CPU
		Debug|iPhone = Debug|iPhone
		Debug|iPhoneSimulator = Debug|iPhoneSimulator
		Release|Any CPU = Release|Any CPU
		Release|iPhone = Release|iPhone
		Release|iPhoneSimulator = Release|iPhoneSimulator
	EndGlobalSection
	GlobalSection(ProjectConfigurationPlatforms) = postSolution
		{22F972B5-FB9D-4D12-9711-1B26EDE4857B}.Ad-Hoc|Any CPU.ActiveCfg = Release|Any CPU
		{22F972B5-FB9D-4D12-9711-1B26EDE4857B}.Ad-Hoc|Any CPU.Build.0 = Release|Any CPU
		{22F972B5-FB9D-4D12-9711-1B26EDE4857B}.Ad-Hoc|Any CPU.Deploy.0 = Release|Any CPU
		{22F972B5-FB9D-4D12-9711-1B26EDE4857B}.Ad-Hoc|iPhone.ActiveCfg = Release|Any CPU
		{22F972B5-FB9D-4D12-9711-1B26EDE4857B}.Ad-Hoc|iPhone.Build.0 = Release|Any CPU
		{22F972B5-FB9D-4D12-9711-1B26EDE4857B}.Ad-Hoc|iPhone.Deploy.0 = Release|Any CPU
		{22F972B5-FB9D-4D12-9711-1B26EDE4857B}.Ad-Hoc|iPhoneSimulator.ActiveCfg = Release|Any CPU
		{22F972B5-FB9D-4D12-9711-1B26EDE4857B}.Ad-Hoc|iPhoneSimulator.Build.0 = Release|Any CPU
		{22F972B5-FB9D-4D12-9711-1B26EDE4857B}.Ad-Hoc|iPhoneSimulator.Deploy.0 = Release|Any CPU
		{22F972B5-FB9D-4D12-9711-1B26EDE4857B}.AppStore|Any CPU.ActiveCfg = Release|Any CPU
		{22F972B5-FB9D-4D12-9711-1B26EDE4857B}.AppStore|Any CPU.Build.0 = Release|Any CPU
		{22F972B5-FB9D-4D12-9711-1B26EDE4857B}.AppStore|Any CPU.Deploy.0 = Release|Any CPU
		{22F972B5-FB9D-4D12-9711-1B26EDE4857B}.AppStore|iPhone.ActiveCfg = Release|Any CPU
		{22F972B5-FB9D-4D12-9711-1B26EDE4857B}.AppStore|iPhone.Build.0 = Release|Any CPU
		{22F972B5-FB9D-4D12-9711-1B26EDE4857B}.AppStore|iPhone.Deploy.0 = Release|Any CPU
		{22F972B5-FB9D-4D12-9711-1B26EDE4857B}.AppStore|iPhoneSimulator.ActiveCfg = Release|Any CPU
		{22F972B5-FB9D-4D12-9711-1B26EDE4857B}.AppStore|iPhoneSimulator.Build.0 = Release|Any CPU
		{22F972B5-FB9D-4D12-9711-1B26EDE4857B}.AppStore|iPhoneSimulator.Deploy.0 = Release|Any CPU
		{22F972B5-FB9D-4D12-9711-1B26EDE4857B}.Debug|Any CPU.ActiveCfg = Debug|Any CPU
		{22F972B5-FB9D-4D12-9711-1B26EDE4857B}.Debug|Any CPU.Build.0 = Debug|Any CPU
		{22F972B5-FB9D-4D12-9711-1B26EDE4857B}.Debug|Any CPU.Deploy.0 = Debug|Any CPU
		{22F972B5-FB9D-4D12-9711-1B26EDE4857B}.Debug|iPhone.ActiveCfg = Debug|Any CPU
		{22F972B5-FB9D-4D12-9711-1B26EDE4857B}.Debug|iPhone.Build.0 = Debug|Any CPU
		{22F972B5-FB9D-4D12-9711-1B26EDE4857B}.Debug|iPhone.Deploy.0 = Debug|Any CPU
		{22F972B5-FB9D-4D12-9711-1B26EDE4857B}.Debug|iPhoneSimulator.ActiveCfg = Debug|Any CPU
		{22F972B5-FB9D-4D12-9711-1B26EDE4857B}.Debug|iPhoneSimulator.Build.0 = Debug|Any CPU
		{22F972B5-FB9D-4D12-9711-1B26EDE4857B}.Debug|iPhoneSimulator.Deploy.0 = Debug|Any CPU
		{22F972B5-FB9D-4D12-9711-1B26EDE4857B}.Release|Any CPU.ActiveCfg = Release|Any CPU
		{22F972B5-FB9D-4D12-9711-1B26EDE4857B}.Release|Any CPU.Build.0 = Release|Any CPU
		{22F972B5-FB9D-4D12-9711-1B26EDE4857B}.Release|Any CPU.Deploy.0 = Release|Any CPU
		{22F972B5-FB9D-4D12-9711-1B26EDE4857B}.Release|iPhone.ActiveCfg = Release|Any CPU
		{22F972B5-FB9D-4D12-9711-1B26EDE4857B}.Release|iPhone.Build.0 = Release|Any CPU
		{22F972B5-FB9D-4D12-9711-1B26EDE4857B}.Release|iPhone.Deploy.0 = Release|Any CPU
		{22F972B5-FB9D-4D12-9711-1B26EDE4857B}.Release|iPhoneSimulator.ActiveCfg = Release|Any CPU
		{22F972B5-FB9D-4D12-9711-1B26EDE4857B}.Release|iPhoneSimulator.Build.0 = Release|Any CPU
		{22F972B5-FB9D-4D12-9711-1B26EDE4857B}.Release|iPhoneSimulator.Deploy.0 = Release|Any CPU
		{89A9A0CF-5E43-4A2B-99D4-A33121E2F342}.Ad-Hoc|Any CPU.ActiveCfg = Ad-Hoc|iPhone
		{89A9A0CF-5E43-4A2B-99D4-A33121E2F342}.Ad-Hoc|Any CPU.Build.0 = Ad-Hoc|iPhone
		{89A9A0CF-5E43-4A2B-99D4-A33121E2F342}.Ad-Hoc|Any CPU.Deploy.0 = Ad-Hoc|iPhone
		{89A9A0CF-5E43-4A2B-99D4-A33121E2F342}.Ad-Hoc|iPhone.ActiveCfg = Ad-Hoc|iPhone
		{89A9A0CF-5E43-4A2B-99D4-A33121E2F342}.Ad-Hoc|iPhone.Build.0 = Ad-Hoc|iPhone
		{89A9A0CF-5E43-4A2B-99D4-A33121E2F342}.Ad-Hoc|iPhone.Deploy.0 = Ad-Hoc|iPhone
		{89A9A0CF-5E43-4A2B-99D4-A33121E2F342}.Ad-Hoc|iPhoneSimulator.ActiveCfg = Ad-Hoc|iPhoneSimulator
		{89A9A0CF-5E43-4A2B-99D4-A33121E2F342}.Ad-Hoc|iPhoneSimulator.Build.0 = Ad-Hoc|iPhoneSimulator
		{89A9A0CF-5E43-4A2B-99D4-A33121E2F342}.Ad-Hoc|iPhoneSimulator.Deploy.0 = Ad-Hoc|iPhoneSimulator
		{89A9A0CF-5E43-4A2B-99D4-A33121E2F342}.AppStore|Any CPU.ActiveCfg = AppStore|iPhone
		{89A9A0CF-5E43-4A2B-99D4-A33121E2F342}.AppStore|Any CPU.Build.0 = AppStore|iPhone
		{89A9A0CF-5E43-4A2B-99D4-A33121E2F342}.AppStore|Any CPU.Deploy.0 = AppStore|iPhone
		{89A9A0CF-5E43-4A2B-99D4-A33121E2F342}.AppStore|iPhone.ActiveCfg = AppStore|iPhone
		{89A9A0CF-5E43-4A2B-99D4-A33121E2F342}.AppStore|iPhone.Build.0 = AppStore|iPhone
		{89A9A0CF-5E43-4A2B-99D4-A33121E2F342}.AppStore|iPhone.Deploy.0 = AppStore|iPhone
		{89A9A0CF-5E43-4A2B-99D4-A33121E2F342}.AppStore|iPhoneSimulator.ActiveCfg = AppStore|iPhoneSimulator
		{89A9A0CF-5E43-4A2B-99D4-A33121E2F342}.AppStore|iPhoneSimulator.Build.0 = AppStore|iPhoneSimulator
		{89A9A0CF-5E43-4A2B-99D4-A33121E2F342}.AppStore|iPhoneSimulator.Deploy.0 = AppStore|iPhoneSimulator
		{89A9A0CF-5E43-4A2B-99D4-A33121E2F342}.Debug|Any CPU.ActiveCfg = Debug|iPhoneSimulator
		{89A9A0CF-5E43-4A2B-99D4-A33121E2F342}.Debug|Any CPU.Build.0 = Debug|iPhoneSimulator
		{89A9A0CF-5E43-4A2B-99D4-A33121E2F342}.Debug|Any CPU.Deploy.0 = Debug|iPhoneSimulator
		{89A9A0CF-5E43-4A2B-99D4-A33121E2F342}.Debug|iPhone.ActiveCfg = Debug|iPhone
		{89A9A0CF-5E43-4A2B-99D4-A33121E2F342}.Debug|iPhone.Build.0 = Debug|iPhone
		{89A9A0CF-5E43-4A2B-99D4-A33121E2F342}.Debug|iPhone.Deploy.0 = Debug|iPhone
		{89A9A0CF-5E43-4A2B-99D4-A33121E2F342}.Debug|iPhoneSimulator.ActiveCfg = Debug|iPhoneSimulator
		{89A9A0CF-5E43-4A2B-99D4-A33121E2F342}.Debug|iPhoneSimulator.Build.0 = Debug|iPhoneSimulator
		{89A9A0CF-5E43-4A2B-99D4-A33121E2F342}.Debug|iPhoneSimulator.Deploy.0 = Debug|iPhoneSimulator
		{89A9A0CF-5E43-4A2B-99D4-A33121E2F342}.Release|Any CPU.ActiveCfg = Release|iPhone
		{89A9A0CF-5E43-4A2B-99D4-A33121E2F342}.Release|Any CPU.Build.0 = Release|iPhone
		{89A9A0CF-5E43-4A2B-99D4-A33121E2F342}.Release|Any CPU.Deploy.0 = Release|iPhone
		{89A9A0CF-5E43-4A2B-99D4-A33121E2F342}.Release|iPhone.ActiveCfg = Release|iPhone
		{89A9A0CF-5E43-4A2B-99D4-A33121E2F342}.Release|iPhone.Build.0 = Release|iPhone
		{89A9A0CF-5E43-4A2B-99D4-A33121E2F342}.Release|iPhone.Deploy.0 = Release|iPhone
		{89A9A0CF-5E43-4A2B-99D4-A33121E2F342}.Release|iPhoneSimulator.ActiveCfg = Release|iPhoneSimulator
		{89A9A0CF-5E43-4A2B-99D4-A33121E2F342}.Release|iPhoneSimulator.Build.0 = Release|iPhoneSimulator
		{89A9A0CF-5E43-4A2B-99D4-A33121E2F342}.Release|iPhoneSimulator.Deploy.0 = Release|iPhoneSimulator
		{C75ACA94-19EF-48E2-BFE8-B95779BC8C1E}.Ad-Hoc|Any CPU.ActiveCfg = Debug|Any CPU
		{C75ACA94-19EF-48E2-BFE8-B95779BC8C1E}.Ad-Hoc|Any CPU.Build.0 = Debug|Any CPU
		{C75ACA94-19EF-48E2-BFE8-B95779BC8C1E}.Ad-Hoc|Any CPU.Deploy.0 = Debug|Any CPU
		{C75ACA94-19EF-48E2-BFE8-B95779BC8C1E}.Ad-Hoc|iPhone.ActiveCfg = Debug|Any CPU
		{C75ACA94-19EF-48E2-BFE8-B95779BC8C1E}.Ad-Hoc|iPhone.Build.0 = Debug|Any CPU
		{C75ACA94-19EF-48E2-BFE8-B95779BC8C1E}.Ad-Hoc|iPhone.Deploy.0 = Debug|Any CPU
		{C75ACA94-19EF-48E2-BFE8-B95779BC8C1E}.Ad-Hoc|iPhoneSimulator.ActiveCfg = Debug|Any CPU
		{C75ACA94-19EF-48E2-BFE8-B95779BC8C1E}.Ad-Hoc|iPhoneSimulator.Build.0 = Debug|Any CPU
		{C75ACA94-19EF-48E2-BFE8-B95779BC8C1E}.Ad-Hoc|iPhoneSimulator.Deploy.0 = Debug|Any CPU
		{C75ACA94-19EF-48E2-BFE8-B95779BC8C1E}.AppStore|Any CPU.ActiveCfg = Debug|Any CPU
		{C75ACA94-19EF-48E2-BFE8-B95779BC8C1E}.AppStore|Any CPU.Build.0 = Debug|Any CPU
		{C75ACA94-19EF-48E2-BFE8-B95779BC8C1E}.AppStore|Any CPU.Deploy.0 = Debug|Any CPU
		{C75ACA94-19EF-48E2-BFE8-B95779BC8C1E}.AppStore|iPhone.ActiveCfg = Debug|Any CPU
		{C75ACA94-19EF-48E2-BFE8-B95779BC8C1E}.AppStore|iPhone.Build.0 = Debug|Any CPU
		{C75ACA94-19EF-48E2-BFE8-B95779BC8C1E}.AppStore|iPhone.Deploy.0 = Debug|Any CPU
		{C75ACA94-19EF-48E2-BFE8-B95779BC8C1E}.AppStore|iPhoneSimulator.ActiveCfg = Debug|Any CPU
		{C75ACA94-19EF-48E2-BFE8-B95779BC8C1E}.AppStore|iPhoneSimulator.Build.0 = Debug|Any CPU
		{C75ACA94-19EF-48E2-BFE8-B95779BC8C1E}.AppStore|iPhoneSimulator.Deploy.0 = Debug|Any CPU
		{C75ACA94-19EF-48E2-BFE8-B95779BC8C1E}.Debug|Any CPU.ActiveCfg = Debug|Any CPU
		{C75ACA94-19EF-48E2-BFE8-B95779BC8C1E}.Debug|Any CPU.Build.0 = Debug|Any CPU
		{C75ACA94-19EF-48E2-BFE8-B95779BC8C1E}.Debug|Any CPU.Deploy.0 = Debug|Any CPU
		{C75ACA94-19EF-48E2-BFE8-B95779BC8C1E}.Debug|iPhone.ActiveCfg = Debug|Any CPU
		{C75ACA94-19EF-48E2-BFE8-B95779BC8C1E}.Debug|iPhone.Build.0 = Debug|Any CPU
		{C75ACA94-19EF-48E2-BFE8-B95779BC8C1E}.Debug|iPhone.Deploy.0 = Debug|Any CPU
		{C75ACA94-19EF-48E2-BFE8-B95779BC8C1E}.Debug|iPhoneSimulator.ActiveCfg = Debug|Any CPU
		{C75ACA94-19EF-48E2-BFE8-B95779BC8C1E}.Debug|iPhoneSimulator.Build.0 = Debug|Any CPU
		{C75ACA94-19EF-48E2-BFE8-B95779BC8C1E}.Debug|iPhoneSimulator.Deploy.0 = Debug|Any CPU
		{C75ACA94-19EF-48E2-BFE8-B95779BC8C1E}.Release|Any CPU.ActiveCfg = Release|Any CPU
		{C75ACA94-19EF-48E2-BFE8-B95779BC8C1E}.Release|Any CPU.Build.0 = Release|Any CPU
		{C75ACA94-19EF-48E2-BFE8-B95779BC8C1E}.Release|Any CPU.Deploy.0 = Release|Any CPU
		{C75ACA94-19EF-48E2-BFE8-B95779BC8C1E}.Release|iPhone.ActiveCfg = Release|Any CPU
		{C75ACA94-19EF-48E2-BFE8-B95779BC8C1E}.Release|iPhone.Build.0 = Release|Any CPU
		{C75ACA94-19EF-48E2-BFE8-B95779BC8C1E}.Release|iPhone.Deploy.0 = Release|Any CPU
		{C75ACA94-19EF-48E2-BFE8-B95779BC8C1E}.Release|iPhoneSimulator.ActiveCfg = Release|Any CPU
		{C75ACA94-19EF-48E2-BFE8-B95779BC8C1E}.Release|iPhoneSimulator.Build.0 = Release|Any CPU
		{C75ACA94-19EF-48E2-BFE8-B95779BC8C1E}.Release|iPhoneSimulator.Deploy.0 = Release|Any CPU
	EndGlobalSection
	GlobalSection(SolutionProperties) = preSolution
		HideSolutionNode = FALSE
	EndGlobalSection
	GlobalSection(ExtensibilityGlobals) = postSolution
		SolutionGuid = {29DB2CA5-91A6-4A34-926F-47ACA0BA7321}
	EndGlobalSection
EndGlobal
